// !$*UTF8*$!
{
	archiveVersion = 1;
	classes = {
	};
	objectVersion = 46;
	objects = {

/* Begin PBXBuildFile section */
		750EC81C1E82FD53007CCA5C /* AppDelegate.swift in Sources */ = {isa = PBXBuildFile; fileRef = 750EC81B1E82FD53007CCA5C /* AppDelegate.swift */; };
		750EC8211E82FD53007CCA5C /* Main.storyboard in Resources */ = {isa = PBXBuildFile; fileRef = 750EC81F1E82FD53007CCA5C /* Main.storyboard */; };
		750EC8241E82FD53007CCA5C /* loginRegister.xcdatamodeld in Sources */ = {isa = PBXBuildFile; fileRef = 750EC8221E82FD53007CCA5C /* loginRegister.xcdatamodeld */; };
		750EC8261E82FD53007CCA5C /* Assets.xcassets in Resources */ = {isa = PBXBuildFile; fileRef = 750EC8251E82FD53007CCA5C /* Assets.xcassets */; };
		750EC8291E82FD53007CCA5C /* LaunchScreen.storyboard in Resources */ = {isa = PBXBuildFile; fileRef = 750EC8271E82FD53007CCA5C /* LaunchScreen.storyboard */; };
		750EC8341E82FD53007CCA5C /* loginRegisterTests.swift in Sources */ = {isa = PBXBuildFile; fileRef = 750EC8331E82FD53007CCA5C /* loginRegisterTests.swift */; };
		750EC83F1E82FD53007CCA5C /* loginRegisterUITests.swift in Sources */ = {isa = PBXBuildFile; fileRef = 750EC83E1E82FD53007CCA5C /* loginRegisterUITests.swift */; };
		750EC84D1E83003B007CCA5C /* registerPageViewController.swift in Sources */ = {isa = PBXBuildFile; fileRef = 750EC84C1E83003B007CCA5C /* registerPageViewController.swift */; };
		750EC84F1E830E14007CCA5C /* loginPageViewController.swift in Sources */ = {isa = PBXBuildFile; fileRef = 750EC84E1E830E14007CCA5C /* loginPageViewController.swift */; };
/* End PBXBuildFile section */

/* Begin PBXContainerItemProxy section */
		750EC8301E82FD53007CCA5C /* PBXContainerItemProxy */ = {
			isa = PBXContainerItemProxy;
			containerPortal = 750EC8101E82FD52007CCA5C /* Project object */;
			proxyType = 1;
			remoteGlobalIDString = 750EC8171E82FD52007CCA5C;
			remoteInfo = loginRegister;
		};
		750EC83B1E82FD53007CCA5C /* PBXContainerItemProxy */ = {
			isa = PBXContainerItemProxy;
			containerPortal = 750EC8101E82FD52007CCA5C /* Project object */;
			proxyType = 1;
			remoteGlobalIDString = 750EC8171E82FD52007CCA5C;
			remoteInfo = loginRegister;
		};
/* End PBXContainerItemProxy section */

/* Begin PBXFileReference section */
		750EC8181E82FD53007CCA5C /* loginRegister.app */ = {isa = PBXFileReference; explicitFileType = wrapper.application; includeInIndex = 0; path = loginRegister.app; sourceTree = BUILT_PRODUCTS_DIR; };
		750EC81B1E82FD53007CCA5C /* AppDelegate.swift */ = {isa = PBXFileReference; lastKnownFileType = sourcecode.swift; path = AppDelegate.swift; sourceTree = "<group>"; };
		750EC8201E82FD53007CCA5C /* Base */ = {isa = PBXFileReference; lastKnownFileType = file.storyboard; name = Base; path = Base.lproj/Main.storyboard; sourceTree = "<group>"; };
		750EC8231E82FD53007CCA5C /* loginRegister.xcdatamodel */ = {isa = PBXFileReference; lastKnownFileType = wrapper.xcdatamodel; name = loginRegister.xcdatamodel; path = /u/abelm/Desktop/loginRegister/loginRegister/loginRegister.xcdatamodeld/loginRegister.xcdatamodel; sourceTree = "<absolute>"; };
		750EC8251E82FD53007CCA5C /* Assets.xcassets */ = {isa = PBXFileReference; lastKnownFileType = folder.assetcatalog; path = Assets.xcassets; sourceTree = "<group>"; };
		750EC8281E82FD53007CCA5C /* Base */ = {isa = PBXFileReference; lastKnownFileType = file.storyboard; name = Base; path = Base.lproj/LaunchScreen.storyboard; sourceTree = "<group>"; };
		750EC82A1E82FD53007CCA5C /* Info.plist */ = {isa = PBXFileReference; lastKnownFileType = text.plist.xml; path = Info.plist; sourceTree = "<group>"; };
		750EC82F1E82FD53007CCA5C /* loginRegisterTests.xctest */ = {isa = PBXFileReference; explicitFileType = wrapper.cfbundle; includeInIndex = 0; path = loginRegisterTests.xctest; sourceTree = BUILT_PRODUCTS_DIR; };
		750EC8331E82FD53007CCA5C /* loginRegisterTests.swift */ = {isa = PBXFileReference; lastKnownFileType = sourcecode.swift; path = loginRegisterTests.swift; sourceTree = "<group>"; };
		750EC8351E82FD53007CCA5C /* Info.plist */ = {isa = PBXFileReference; lastKnownFileType = text.plist.xml; path = Info.plist; sourceTree = "<group>"; };
		750EC83A1E82FD53007CCA5C /* loginRegisterUITests.xctest */ = {isa = PBXFileReference; explicitFileType = wrapper.cfbundle; includeInIndex = 0; path = loginRegisterUITests.xctest; sourceTree = BUILT_PRODUCTS_DIR; };
		750EC83E1E82FD53007CCA5C /* loginRegisterUITests.swift */ = {isa = PBXFileReference; lastKnownFileType = sourcecode.swift; path = loginRegisterUITests.swift; sourceTree = "<group>"; };
		750EC8401E82FD53007CCA5C /* Info.plist */ = {isa = PBXFileReference; lastKnownFileType = text.plist.xml; path = Info.plist; sourceTree = "<group>"; };
		750EC84C1E83003B007CCA5C /* registerPageViewController.swift */ = {isa = PBXFileReference; fileEncoding = 4; lastKnownFileType = sourcecode.swift; name = registerPageViewController.swift; path = loginRegister/registerPageViewController.swift; sourceTree = SOURCE_ROOT; };
		750EC84E1E830E14007CCA5C /* loginPageViewController.swift */ = {isa = PBXFileReference; fileEncoding = 4; lastKnownFileType = sourcecode.swift; name = loginPageViewController.swift; path = loginRegister/Assets.xcassets/loginPageViewController.swift; sourceTree = SOURCE_ROOT; };
/* End PBXFileReference section */

/* Begin PBXFrameworksBuildPhase section */
		750EC8151E82FD52007CCA5C /* Frameworks */ = {
			isa = PBXFrameworksBuildPhase;
			buildActionMask = 2147483647;
			files = (
			);
			runOnlyForDeploymentPostprocessing = 0;
		};
		750EC82C1E82FD53007CCA5C /* Frameworks */ = {
			isa = PBXFrameworksBuildPhase;
			buildActionMask = 2147483647;
			files = (
			);
			runOnlyForDeploymentPostprocessing = 0;
		};
		750EC8371E82FD53007CCA5C /* Frameworks */ = {
			isa = PBXFrameworksBuildPhase;
			buildActionMask = 2147483647;
			files = (
			);
			runOnlyForDeploymentPostprocessing = 0;
		};
/* End PBXFrameworksBuildPhase section */

/* Begin PBXGroup section */
		750EC80F1E82FD52007CCA5C = {
			isa = PBXGroup;
			children = (
				750EC81A1E82FD53007CCA5C /* loginRegister */,
				750EC8321E82FD53007CCA5C /* loginRegisterTests */,
				750EC83D1E82FD53007CCA5C /* loginRegisterUITests */,
				750EC8191E82FD53007CCA5C /* Products */,
			);
			sourceTree = "<group>";
		};
		750EC8191E82FD53007CCA5C /* Products */ = {
			isa = PBXGroup;
			children = (
				750EC8181E82FD53007CCA5C /* loginRegister.app */,
				750EC82F1E82FD53007CCA5C /* loginRegisterTests.xctest */,
				750EC83A1E82FD53007CCA5C /* loginRegisterUITests.xctest */,
			);
			name = Products;
			sourceTree = "<group>";
		};
		750EC81A1E82FD53007CCA5C /* loginRegister */ = {
			isa = PBXGroup;
			children = (
				750EC81B1E82FD53007CCA5C /* AppDelegate.swift */,
				750EC81F1E82FD53007CCA5C /* Main.storyboard */,
				750EC8251E82FD53007CCA5C /* Assets.xcassets */,
				750EC8271E82FD53007CCA5C /* LaunchScreen.storyboard */,
				750EC82A1E82FD53007CCA5C /* Info.plist */,
				750EC8221E82FD53007CCA5C /* loginRegister.xcdatamodeld */,
				750EC84C1E83003B007CCA5C /* registerPageViewController.swift */,
				750EC84E1E830E14007CCA5C /* loginPageViewController.swift */,
			);
			name = loginRegister;
			path = /u/abelm/Desktop/loginRegister/loginRegister;
			sourceTree = "<absolute>";
		};
		750EC8321E82FD53007CCA5C /* loginRegisterTests */ = {
			isa = PBXGroup;
			children = (
				750EC8331E82FD53007CCA5C /* loginRegisterTests.swift */,
				750EC8351E82FD53007CCA5C /* Info.plist */,
			);
			name = loginRegisterTests;
			path = /u/abelm/Desktop/loginRegister/loginRegisterTests;
			sourceTree = "<absolute>";
		};
		750EC83D1E82FD53007CCA5C /* loginRegisterUITests */ = {
			isa = PBXGroup;
			children = (
				750EC83E1E82FD53007CCA5C /* loginRegisterUITests.swift */,
				750EC8401E82FD53007CCA5C /* Info.plist */,
			);
			name = loginRegisterUITests;
			path = /u/abelm/Desktop/loginRegister/loginRegisterUITests;
			sourceTree = "<absolute>";
		};
/* End PBXGroup section */

/* Begin PBXNativeTarget section */
		750EC8171E82FD52007CCA5C /* loginRegister */ = {
			isa = PBXNativeTarget;
			buildConfigurationList = 750EC8431E82FD53007CCA5C /* Build configuration list for PBXNativeTarget "loginRegister" */;
			buildPhases = (
				750EC8141E82FD52007CCA5C /* Sources */,
				750EC8151E82FD52007CCA5C /* Frameworks */,
				750EC8161E82FD52007CCA5C /* Resources */,
			);
			buildRules = (
			);
			dependencies = (
			);
			name = loginRegister;
			productName = loginRegister;
			productReference = 750EC8181E82FD53007CCA5C /* loginRegister.app */;
			productType = "com.apple.product-type.application";
		};
		750EC82E1E82FD53007CCA5C /* loginRegisterTests */ = {
			isa = PBXNativeTarget;
			buildConfigurationList = 750EC8461E82FD53007CCA5C /* Build configuration list for PBXNativeTarget "loginRegisterTests" */;
			buildPhases = (
				750EC82B1E82FD53007CCA5C /* Sources */,
				750EC82C1E82FD53007CCA5C /* Frameworks */,
				750EC82D1E82FD53007CCA5C /* Resources */,
			);
			buildRules = (
			);
			dependencies = (
				750EC8311E82FD53007CCA5C /* PBXTargetDependency */,
			);
			name = loginRegisterTests;
			productName = loginRegisterTests;
			productReference = 750EC82F1E82FD53007CCA5C /* loginRegisterTests.xctest */;
			productType = "com.apple.product-type.bundle.unit-test";
		};
		750EC8391E82FD53007CCA5C /* loginRegisterUITests */ = {
			isa = PBXNativeTarget;
			buildConfigurationList = 750EC8491E82FD53007CCA5C /* Build configuration list for PBXNativeTarget "loginRegisterUITests" */;
			buildPhases = (
				750EC8361E82FD53007CCA5C /* Sources */,
				750EC8371E82FD53007CCA5C /* Frameworks */,
				750EC8381E82FD53007CCA5C /* Resources */,
			);
			buildRules = (
			);
			dependencies = (
				750EC83C1E82FD53007CCA5C /* PBXTargetDependency */,
			);
			name = loginRegisterUITests;
			productName = loginRegisterUITests;
			productReference = 750EC83A1E82FD53007CCA5C /* loginRegisterUITests.xctest */;
			productType = "com.apple.product-type.bundle.ui-testing";
		};
/* End PBXNativeTarget section */

/* Begin PBXProject section */
		750EC8101E82FD52007CCA5C /* Project object */ = {
			isa = PBXProject;
			attributes = {
				LastSwiftUpdateCheck = 0820;
				LastUpgradeCheck = 0820;
				ORGANIZATIONNAME = "Abel Morales";
				TargetAttributes = {
					750EC8171E82FD52007CCA5C = {
						CreatedOnToolsVersion = 8.2;
						ProvisioningStyle = Automatic;
					};
					750EC82E1E82FD53007CCA5C = {
						CreatedOnToolsVersion = 8.2;
						ProvisioningStyle = Automatic;
						TestTargetID = 750EC8171E82FD52007CCA5C;
					};
					750EC8391E82FD53007CCA5C = {
						CreatedOnToolsVersion = 8.2;
						ProvisioningStyle = Automatic;
						TestTargetID = 750EC8171E82FD52007CCA5C;
					};
				};
			};
			buildConfigurationList = 750EC8131E82FD52007CCA5C /* Build configuration list for PBXProject "loginRegister" */;
			compatibilityVersion = "Xcode 3.2";
			developmentRegion = English;
			hasScannedForEncodings = 0;
			knownRegions = (
				en,
				Base,
			);
			mainGroup = 750EC80F1E82FD52007CCA5C;
			productRefGroup = 750EC8191E82FD53007CCA5C /* Products */;
			projectDirPath = "";
			projectRoot = "";
			targets = (
				750EC8171E82FD52007CCA5C /* loginRegister */,
				750EC82E1E82FD53007CCA5C /* loginRegisterTests */,
				750EC8391E82FD53007CCA5C /* loginRegisterUITests */,
			);
		};
/* End PBXProject section */

/* Begin PBXResourcesBuildPhase section */
		750EC8161E82FD52007CCA5C /* Resources */ = {
			isa = PBXResourcesBuildPhase;
			buildActionMask = 2147483647;
			files = (
				750EC8291E82FD53007CCA5C /* LaunchScreen.storyboard in Resources */,
				750EC8261E82FD53007CCA5C /* Assets.xcassets in Resources */,
				750EC8211E82FD53007CCA5C /* Main.storyboard in Resources */,
			);
			runOnlyForDeploymentPostprocessing = 0;
		};
		750EC82D1E82FD53007CCA5C /* Resources */ = {
			isa = PBXResourcesBuildPhase;
			buildActionMask = 2147483647;
			files = (
			);
			runOnlyForDeploymentPostprocessing = 0;
		};
		750EC8381E82FD53007CCA5C /* Resources */ = {
			isa = PBXResourcesBuildPhase;
			buildActionMask = 2147483647;
			files = (
			);
			runOnlyForDeploymentPostprocessing = 0;
		};
/* End PBXResourcesBuildPhase section */

/* Begin PBXSourcesBuildPhase section */
		750EC8141E82FD52007CCA5C /* Sources */ = {
			isa = PBXSourcesBuildPhase;
			buildActionMask = 2147483647;
			files = (
				750EC8241E82FD53007CCA5C /* loginRegister.xcdatamodeld in Sources */,
				750EC84F1E830E14007CCA5C /* loginPageViewController.swift in Sources */,
				750EC84D1E83003B007CCA5C /* registerPageViewController.swift in Sources */,
				750EC81C1E82FD53007CCA5C /* AppDelegate.swift in Sources */,
			);
			runOnlyForDeploymentPostprocessing = 0;
		};
		750EC82B1E82FD53007CCA5C /* Sources */ = {
			isa = PBXSourcesBuildPhase;
			buildActionMask = 2147483647;
			files = (
				750EC8341E82FD53007CCA5C /* loginRegisterTests.swift in Sources */,
			);
			runOnlyForDeploymentPostprocessing = 0;
		};
		750EC8361E82FD53007CCA5C /* Sources */ = {
			isa = PBXSourcesBuildPhase;
			buildActionMask = 2147483647;
			files = (
				750EC83F1E82FD53007CCA5C /* loginRegisterUITests.swift in Sources */,
			);
			runOnlyForDeploymentPostprocessing = 0;
		};
/* End PBXSourcesBuildPhase section */

/* Begin PBXTargetDependency section */
		750EC8311E82FD53007CCA5C /* PBXTargetDependency */ = {
			isa = PBXTargetDependency;
			target = 750EC8171E82FD52007CCA5C /* loginRegister */;
			targetProxy = 750EC8301E82FD53007CCA5C /* PBXContainerItemProxy */;
		};
		750EC83C1E82FD53007CCA5C /* PBXTargetDependency */ = {
			isa = PBXTargetDependency;
			target = 750EC8171E82FD52007CCA5C /* loginRegister */;
			targetProxy = 750EC83B1E82FD53007CCA5C /* PBXContainerItemProxy */;
		};
/* End PBXTargetDependency section */

/* Begin PBXVariantGroup section */
		750EC81F1E82FD53007CCA5C /* Main.storyboard */ = {
			isa = PBXVariantGroup;
			children = (
				750EC8201E82FD53007CCA5C /* Base */,
			);
			name = Main.storyboard;
			sourceTree = "<group>";
		};
		750EC8271E82FD53007CCA5C /* LaunchScreen.storyboard */ = {
			isa = PBXVariantGroup;
			children = (
				750EC8281E82FD53007CCA5C /* Base */,
			);
			name = LaunchScreen.storyboard;
			sourceTree = "<group>";
		};
/* End PBXVariantGroup section */

/* Begin XCBuildConfiguration section */
		750EC8411E82FD53007CCA5C /* Debug */ = {
			isa = XCBuildConfiguration;
			buildSettings = {
				ALWAYS_SEARCH_USER_PATHS = NO;
				CLANG_ANALYZER_NONNULL = YES;
				CLANG_CXX_LANGUAGE_STANDARD = "gnu++0x";
				CLANG_CXX_LIBRARY = "libc++";
				CLANG_ENABLE_MODULES = YES;
				CLANG_ENABLE_OBJC_ARC = YES;
				CLANG_WARN_BOOL_CONVERSION = YES;
				CLANG_WARN_CONSTANT_CONVERSION = YES;
				CLANG_WARN_DIRECT_OBJC_ISA_USAGE = YES_ERROR;
				CLANG_WARN_DOCUMENTATION_COMMENTS = YES;
				CLANG_WARN_EMPTY_BODY = YES;
				CLANG_WARN_ENUM_CONVERSION = YES;
				CLANG_WARN_INFINITE_RECURSION = YES;
				CLANG_WARN_INT_CONVERSION = YES;
				CLANG_WARN_OBJC_ROOT_CLASS = YES_ERROR;
				CLANG_WARN_SUSPICIOUS_MOVE = YES;
				CLANG_WARN_UNREACHABLE_CODE = YES;
				CLANG_WARN__DUPLICATE_METHOD_MATCH = YES;
				"CODE_SIGN_IDENTITY[sdk=iphoneos*]" = "iPhone Developer";
				COPY_PHASE_STRIP = NO;
				DEBUG_INFORMATION_FORMAT = dwarf;
				ENABLE_STRICT_OBJC_MSGSEND = YES;
				ENABLE_TESTABILITY = YES;
				GCC_C_LANGUAGE_STANDARD = gnu99;
				GCC_DYNAMIC_NO_PIC = NO;
				GCC_NO_COMMON_BLOCKS = YES;
				GCC_OPTIMIZATION_LEVEL = 0;
				GCC_PREPROCESSOR_DEFINITIONS = (
					"DEBUG=1",
					"$(inherited)",
				);
				GCC_WARN_64_TO_32_BIT_CONVERSION = YES;
				GCC_WARN_ABOUT_RETURN_TYPE = YES_ERROR;
				GCC_WARN_UNDECLARED_SELECTOR = YES;
				GCC_WARN_UNINITIALIZED_AUTOS = YES_AGGRESSIVE;
				GCC_WARN_UNUSED_FUNCTION = YES;
				GCC_WARN_UNUSED_VARIABLE = YES;
				IPHONEOS_DEPLOYMENT_TARGET = 10.2;
				MTL_ENABLE_DEBUG_INFO = YES;
				ONLY_ACTIVE_ARCH = YES;
				SDKROOT = iphoneos;
				SWIFT_ACTIVE_COMPILATION_CONDITIONS = DEBUG;
				SWIFT_OPTIMIZATION_LEVEL = "-Onone";
				TARGETED_DEVICE_FAMILY = "1,2";
			};
			name = Debug;
		};
		750EC8421E82FD53007CCA5C /* Release */ = {
			isa = XCBuildConfiguration;
			buildSettings = {
				ALWAYS_SEARCH_USER_PATHS = NO;
				CLANG_ANALYZER_NONNULL = YES;
				CLANG_CXX_LANGUAGE_STANDARD = "gnu++0x";
				CLANG_CXX_LIBRARY = "libc++";
				CLANG_ENABLE_MODULES = YES;
				CLANG_ENABLE_OBJC_ARC = YES;
				CLANG_WARN_BOOL_CONVERSION = YES;
				CLANG_WARN_CONSTANT_CONVERSION = YES;
				CLANG_WARN_DIRECT_OBJC_ISA_USAGE = YES_ERROR;
				CLANG_WARN_DOCUMENTATION_COMMENTS = YES;
				CLANG_WARN_EMPTY_BODY = YES;
				CLANG_WARN_ENUM_CONVERSION = YES;
				CLANG_WARN_INFINITE_RECURSION = YES;
				CLANG_WARN_INT_CONVERSION = YES;
				CLANG_WARN_OBJC_ROOT_CLASS = YES_ERROR;
				CLANG_WARN_SUSPICIOUS_MOVE = YES;
				CLANG_WARN_UNREACHABLE_CODE = YES;
				CLANG_WARN__DUPLICATE_METHOD_MATCH = YES;
				"CODE_SIGN_IDENTITY[sdk=iphoneos*]" = "iPhone Developer";
				COPY_PHASE_STRIP = NO;
				DEBUG_INFORMATION_FORMAT = "dwarf-with-dsym";
				ENABLE_NS_ASSERTIONS = NO;
				ENABLE_STRICT_OBJC_MSGSEND = YES;
				GCC_C_LANGUAGE_STANDARD = gnu99;
				GCC_NO_COMMON_BLOCKS = YES;
				GCC_WARN_64_TO_32_BIT_CONVERSION = YES;
				GCC_WARN_ABOUT_RETURN_TYPE = YES_ERROR;
				GCC_WARN_UNDECLARED_SELECTOR = YES;
				GCC_WARN_UNINITIALIZED_AUTOS = YES_AGGRESSIVE;
				GCC_WARN_UNUSED_FUNCTION = YES;
				GCC_WARN_UNUSED_VARIABLE = YES;
				IPHONEOS_DEPLOYMENT_TARGET = 10.2;
				MTL_ENABLE_DEBUG_INFO = NO;
				SDKROOT = iphoneos;
				SWIFT_OPTIMIZATION_LEVEL = "-Owholemodule";
				TARGETED_DEVICE_FAMILY = "1,2";
				VALIDATE_PRODUCT = YES;
			};
			name = Release;
		};
		750EC8441E82FD53007CCA5C /* Debug */ = {
			isa = XCBuildConfiguration;
			buildSettings = {
				ASSETCATALOG_COMPILER_APPICON_NAME = AppIcon;
				INFOPLIST_FILE = loginRegister/Info.plist;
				LD_RUNPATH_SEARCH_PATHS = "$(inherited) @executable_path/Frameworks";
				PRODUCT_BUNDLE_IDENTIFIER = group2.loginRegister;
				PRODUCT_NAME = "$(TARGET_NAME)";
				SWIFT_VERSION = 3.0;
			};
			name = Debug;
		};
		750EC8451E82FD53007CCA5C /* Release */ = {
			isa = XCBuildConfiguration;
			buildSettings = {
				ASSETCATALOG_COMPILER_APPICON_NAME = AppIcon;
				INFOPLIST_FILE = loginRegister/Info.plist;
				LD_RUNPATH_SEARCH_PATHS = "$(inherited) @executable_path/Frameworks";
				PRODUCT_BUNDLE_IDENTIFIER = group2.loginRegister;
				PRODUCT_NAME = "$(TARGET_NAME)";
				SWIFT_VERSION = 3.0;
			};
			name = Release;
		};
		750EC8471E82FD53007CCA5C /* Debug */ = {
			isa = XCBuildConfiguration;
			buildSettings = {
				ALWAYS_EMBED_SWIFT_STANDARD_LIBRARIES = YES;
				BUNDLE_LOADER = "$(TEST_HOST)";
				INFOPLIST_FILE = loginRegisterTests/Info.plist;
				LD_RUNPATH_SEARCH_PATHS = "$(inherited) @executable_path/Frameworks @loader_path/Frameworks";
				PRODUCT_BUNDLE_IDENTIFIER = group2.loginRegisterTests;
				PRODUCT_NAME = "$(TARGET_NAME)";
				SWIFT_VERSION = 3.0;
				TEST_HOST = "$(BUILT_PRODUCTS_DIR)/loginRegister.app/loginRegister";
			};
			name = Debug;
		};
		750EC8481E82FD53007CCA5C /* Release */ = {
			isa = XCBuildConfiguration;
			buildSettings = {
				ALWAYS_EMBED_SWIFT_STANDARD_LIBRARIES = YES;
				BUNDLE_LOADER = "$(TEST_HOST)";
				INFOPLIST_FILE = loginRegisterTests/Info.plist;
				LD_RUNPATH_SEARCH_PATHS = "$(inherited) @executable_path/Frameworks @loader_path/Frameworks";
				PRODUCT_BUNDLE_IDENTIFIER = group2.loginRegisterTests;
				PRODUCT_NAME = "$(TARGET_NAME)";
				SWIFT_VERSION = 3.0;
				TEST_HOST = "$(BUILT_PRODUCTS_DIR)/loginRegister.app/loginRegister";
			};
			name = Release;
		};
		750EC84A1E82FD53007CCA5C /* Debug */ = {
			isa = XCBuildConfiguration;
			buildSettings = {
				ALWAYS_EMBED_SWIFT_STANDARD_LIBRARIES = YES;
				INFOPLIST_FILE = loginRegisterUITests/Info.plist;
				LD_RUNPATH_SEARCH_PATHS = "$(inherited) @executable_path/Frameworks @loader_path/Frameworks";
				PRODUCT_BUNDLE_IDENTIFIER = group2.loginRegisterUITests;
				PRODUCT_NAME = "$(TARGET_NAME)";
				SWIFT_VERSION = 3.0;
				TEST_TARGET_NAME = loginRegister;
			};
			name = Debug;
		};
		750EC84B1E82FD53007CCA5C /* Release */ = {
			isa = XCBuildConfiguration;
			buildSettings = {
				ALWAYS_EMBED_SWIFT_STANDARD_LIBRARIES = YES;
				INFOPLIST_FILE = loginRegisterUITests/Info.plist;
				LD_RUNPATH_SEARCH_PATHS = "$(inherited) @executable_path/Frameworks @loader_path/Frameworks";
				PRODUCT_BUNDLE_IDENTIFIER = group2.loginRegisterUITests;
				PRODUCT_NAME = "$(TARGET_NAME)";
				SWIFT_VERSION = 3.0;
				TEST_TARGET_NAME = loginRegister;
			};
			name = Release;
		};
/* End XCBuildConfiguration section */

/* Begin XCConfigurationList section */
		750EC8131E82FD52007CCA5C /* Build configuration list for PBXProject "loginRegister" */ = {
			isa = XCConfigurationList;
			buildConfigurations = (
				750EC8411E82FD53007CCA5C /* Debug */,
				750EC8421E82FD53007CCA5C /* Release */,
			);
			defaultConfigurationIsVisible = 0;
			defaultConfigurationName = Release;
		};
		750EC8431E82FD53007CCA5C /* Build configuration list for PBXNativeTarget "loginRegister" */ = {
			isa = XCConfigurationList;
			buildConfigurations = (
				750EC8441E82FD53007CCA5C /* Debug */,
				750EC8451E82FD53007CCA5C /* Release */,
			);
			defaultConfigurationIsVisible = 0;
		};
		750EC8461E82FD53007CCA5C /* Build configuration list for PBXNativeTarget "loginRegisterTests" */ = {
			isa = XCConfigurationList;
			buildConfigurations = (
				750EC8471E82FD53007CCA5C /* Debug */,
				750EC8481E82FD53007CCA5C /* Release */,
			);
			defaultConfigurationIsVisible = 0;
		};
		750EC8491E82FD53007CCA5C /* Build configuration list for PBXNativeTarget "loginRegisterUITests" */ = {
			isa = XCConfigurationList;
			buildConfigurations = (
				750EC84A1E82FD53007CCA5C /* Debug */,
				750EC84B1E82FD53007CCA5C /* Release */,
			);
			defaultConfigurationIsVisible = 0;
		};
/* End XCConfigurationList section */

/* Begin XCVersionGroup section */
		750EC8221E82FD53007CCA5C /* loginRegister.xcdatamodeld */ = {
			isa = XCVersionGroup;
			children = (
				750EC8231E82FD53007CCA5C /* loginRegister.xcdatamodel */,
			);
			currentVersion = 750EC8231E82FD53007CCA5C /* loginRegister.xcdatamodel */;
			path = loginRegister.xcdatamodeld;
			sourceTree = "<group>";
			versionGroupType = wrapper.xcdatamodel;
		};
/* End XCVersionGroup section */
	};
	rootObject = 750EC8101E82FD52007CCA5C /* Project object */;
}
