// !$*UTF8*$!
{
	archiveVersion = 1;
	classes = {
	};
	objectVersion = 46;
	objects = {

/* Begin PBXBuildFile section */
		750EC8341E82FD53007CCA5C /* loginRegisterTests.swift in Sources */ = {isa = PBXBuildFile; fileRef = 750EC8331E82FD53007CCA5C /* loginRegisterTests.swift */; };
		750EC83F1E82FD53007CCA5C /* loginRegisterUITests.swift in Sources */ = {isa = PBXBuildFile; fileRef = 750EC83E1E82FD53007CCA5C /* loginRegisterUITests.swift */; };
		750EC84D1E83003B007CCA5C /* registerPageViewController.swift in Sources */ = {isa = PBXBuildFile; fileRef = 750EC84C1E83003B007CCA5C /* registerPageViewController.swift */; };
		750EC84F1E830E14007CCA5C /* loginPageViewController.swift in Sources */ = {isa = PBXBuildFile; fileRef = 750EC84E1E830E14007CCA5C /* loginPageViewController.swift */; };
		750EC8511E8345DF007CCA5C /* WelcomeView.swift in Sources */ = {isa = PBXBuildFile; fileRef = 750EC8501E8345DF007CCA5C /* WelcomeView.swift */; };
		75121B041EA0377E00DD4911 /* loginRegister.xcdatamodeld in Sources */ = {isa = PBXBuildFile; fileRef = 75121B021EA0377E00DD4911 /* loginRegister.xcdatamodeld */; };
		75121B071EA0380B00DD4911 /* LaunchScreen.storyboard in Resources */ = {isa = PBXBuildFile; fileRef = 75121B051EA0380B00DD4911 /* LaunchScreen.storyboard */; };
		759A34571E84B05700578F37 /* TootieMenuTableViewController.swift in Sources */ = {isa = PBXBuildFile; fileRef = 759A34561E84B05700578F37 /* TootieMenuTableViewController.swift */; };
		75E6EFB51EA1314700C8275D /* Appearance.swift in Sources */ = {isa = PBXBuildFile; fileRef = 75E6EFB41EA1314700C8275D /* Appearance.swift */; };
		75F636FB1EB3C639002000DC /* MyCustomView.swift in Sources */ = {isa = PBXBuildFile; fileRef = 75F636FA1EB3C639002000DC /* MyCustomView.swift */; };
		7D1FDAE71E85347D007936A3 /* ItemDetailsTableViewCell.swift in Sources */ = {isa = PBXBuildFile; fileRef = 7D1FDAE61E85347D007936A3 /* ItemDetailsTableViewCell.swift */; };
		7D1FDAE91E8534A9007936A3 /* ItemAddTableViewCell.swift in Sources */ = {isa = PBXBuildFile; fileRef = 7D1FDAE81E8534A9007936A3 /* ItemAddTableViewCell.swift */; };
		7D1FDAEE1E853505007936A3 /* AppDelegate.swift in Sources */ = {isa = PBXBuildFile; fileRef = 7D1FDAED1E853505007936A3 /* AppDelegate.swift */; };
		7D1FDAF31E853583007936A3 /* MenuItem.swift in Sources */ = {isa = PBXBuildFile; fileRef = 7D1FDAF21E853583007936A3 /* MenuItem.swift */; };
		7DAC18B31E9EDAD300ABFAD5 /* SettingsViewController.swift in Sources */ = {isa = PBXBuildFile; fileRef = 7DAC18B21E9EDAD300ABFAD5 /* SettingsViewController.swift */; };
		7DB2F9B91E853BAB008CE06B /* Assets.xcassets in Resources */ = {isa = PBXBuildFile; fileRef = 7DB2F9B81E853BAB008CE06B /* Assets.xcassets */; };
		7DDF77451E8577F80063BE95 /* PreviewTableViewController.swift in Sources */ = {isa = PBXBuildFile; fileRef = 7DDF77441E8577F80063BE95 /* PreviewTableViewController.swift */; };
		7DDF77481E857CEF0063BE95 /* ItemPreviewTableViewCell.swift in Sources */ = {isa = PBXBuildFile; fileRef = 7DDF77471E857CEF0063BE95 /* ItemPreviewTableViewCell.swift */; };
		7DDF774A1E8581B10063BE95 /* ItemRemoveTableViewCell.swift in Sources */ = {isa = PBXBuildFile; fileRef = 7DDF77491E8581B10063BE95 /* ItemRemoveTableViewCell.swift */; };
		7DDF774C1E8592330063BE95 /* ConfirmationViewController.swift in Sources */ = {isa = PBXBuildFile; fileRef = 7DDF774B1E8592330063BE95 /* ConfirmationViewController.swift */; };
		7DE1B5DA1EA40D3D00FF94E8 /* ItemDetailsViewController.swift in Sources */ = {isa = PBXBuildFile; fileRef = 7DE1B5D91EA40D3D00FF94E8 /* ItemDetailsViewController.swift */; };
		7DF7802C1E9DAA30005C308C /* PastOrderTableViewController.swift in Sources */ = {isa = PBXBuildFile; fileRef = 7DF7802B1E9DAA30005C308C /* PastOrderTableViewController.swift */; };
		7DF7802E1E9DAA5E005C308C /* OrderViewCell.swift in Sources */ = {isa = PBXBuildFile; fileRef = 7DF7802D1E9DAA5E005C308C /* OrderViewCell.swift */; };
		B0A949E11EA1784600DEF15F /* Main.storyboard in Resources */ = {isa = PBXBuildFile; fileRef = B0A949E01EA1784600DEF15F /* Main.storyboard */; };
/* End PBXBuildFile section */

/* Begin PBXContainerItemProxy section */
		750EC8301E82FD53007CCA5C /* PBXContainerItemProxy */ = {
			isa = PBXContainerItemProxy;
			containerPortal = 750EC8101E82FD52007CCA5C /* Project object */;
			proxyType = 1;
			remoteGlobalIDString = 750EC8171E82FD52007CCA5C;
			remoteInfo = loginRegister;
		};
		750EC83B1E82FD53007CCA5C /* PBXContainerItemProxy */ = {
			isa = PBXContainerItemProxy;
			containerPortal = 750EC8101E82FD52007CCA5C /* Project object */;
			proxyType = 1;
			remoteGlobalIDString = 750EC8171E82FD52007CCA5C;
			remoteInfo = loginRegister;
		};
/* End PBXContainerItemProxy section */

/* Begin PBXFileReference section */
		750EC8181E82FD53007CCA5C /* loginRegister.app */ = {isa = PBXFileReference; explicitFileType = wrapper.application; includeInIndex = 0; path = loginRegister.app; sourceTree = BUILT_PRODUCTS_DIR; };
		750EC82A1E82FD53007CCA5C /* Info.plist */ = {isa = PBXFileReference; lastKnownFileType = text.plist; name = Info.plist; path = loginRegister/Info.plist; sourceTree = "<group>"; };
		750EC82F1E82FD53007CCA5C /* loginRegisterTests.xctest */ = {isa = PBXFileReference; explicitFileType = wrapper.cfbundle; includeInIndex = 0; path = loginRegisterTests.xctest; sourceTree = BUILT_PRODUCTS_DIR; };
		750EC8331E82FD53007CCA5C /* loginRegisterTests.swift */ = {isa = PBXFileReference; lastKnownFileType = sourcecode.swift; path = loginRegisterTests.swift; sourceTree = "<group>"; };
		750EC8351E82FD53007CCA5C /* Info.plist */ = {isa = PBXFileReference; lastKnownFileType = text.plist.xml; path = Info.plist; sourceTree = "<group>"; };
		750EC83A1E82FD53007CCA5C /* loginRegisterUITests.xctest */ = {isa = PBXFileReference; explicitFileType = wrapper.cfbundle; includeInIndex = 0; path = loginRegisterUITests.xctest; sourceTree = BUILT_PRODUCTS_DIR; };
		750EC83E1E82FD53007CCA5C /* loginRegisterUITests.swift */ = {isa = PBXFileReference; lastKnownFileType = sourcecode.swift; path = loginRegisterUITests.swift; sourceTree = "<group>"; };
		750EC8401E82FD53007CCA5C /* Info.plist */ = {isa = PBXFileReference; lastKnownFileType = text.plist.xml; path = Info.plist; sourceTree = "<group>"; };
		750EC84C1E83003B007CCA5C /* registerPageViewController.swift */ = {isa = PBXFileReference; fileEncoding = 4; lastKnownFileType = sourcecode.swift; name = registerPageViewController.swift; path = loginRegister/registerPageViewController.swift; sourceTree = SOURCE_ROOT; };
		750EC84E1E830E14007CCA5C /* loginPageViewController.swift */ = {isa = PBXFileReference; fileEncoding = 4; lastKnownFileType = sourcecode.swift; name = loginPageViewController.swift; path = loginRegister/Assets.xcassets/loginPageViewController.swift; sourceTree = SOURCE_ROOT; };
		750EC8501E8345DF007CCA5C /* WelcomeView.swift */ = {isa = PBXFileReference; fileEncoding = 4; lastKnownFileType = sourcecode.swift; name = WelcomeView.swift; path = loginRegister/WelcomeView.swift; sourceTree = SOURCE_ROOT; };
		75121B031EA0377E00DD4911 /* loginRegister.xcdatamodel */ = {isa = PBXFileReference; lastKnownFileType = wrapper.xcdatamodel; path = loginRegister.xcdatamodel; sourceTree = "<group>"; };
		75121B061EA0380B00DD4911 /* Base */ = {isa = PBXFileReference; lastKnownFileType = file.storyboard; name = Base; path = loginRegister/Base.lproj/LaunchScreen.storyboard; sourceTree = "<group>"; };
		759A34561E84B05700578F37 /* TootieMenuTableViewController.swift */ = {isa = PBXFileReference; fileEncoding = 4; lastKnownFileType = sourcecode.swift; name = TootieMenuTableViewController.swift; path = loginRegister/TootieMenuTableViewController.swift; sourceTree = SOURCE_ROOT; };
		75E6EFB41EA1314700C8275D /* Appearance.swift */ = {isa = PBXFileReference; fileEncoding = 4; lastKnownFileType = sourcecode.swift; path = Appearance.swift; sourceTree = "<group>"; };
		75F636FA1EB3C639002000DC /* MyCustomView.swift */ = {isa = PBXFileReference; fileEncoding = 4; lastKnownFileType = sourcecode.swift; path = MyCustomView.swift; sourceTree = "<group>"; };
		7D1FDAE61E85347D007936A3 /* ItemDetailsTableViewCell.swift */ = {isa = PBXFileReference; lastKnownFileType = sourcecode.swift; path = ItemDetailsTableViewCell.swift; sourceTree = SOURCE_ROOT; };
		7D1FDAE81E8534A9007936A3 /* ItemAddTableViewCell.swift */ = {isa = PBXFileReference; lastKnownFileType = sourcecode.swift; path = ItemAddTableViewCell.swift; sourceTree = SOURCE_ROOT; };
		7D1FDAED1E853505007936A3 /* AppDelegate.swift */ = {isa = PBXFileReference; lastKnownFileType = sourcecode.swift; name = AppDelegate.swift; path = loginRegister/AppDelegate.swift; sourceTree = SOURCE_ROOT; };
		7D1FDAF21E853583007936A3 /* MenuItem.swift */ = {isa = PBXFileReference; lastKnownFileType = sourcecode.swift; name = MenuItem.swift; path = loginRegister/MenuItem.swift; sourceTree = SOURCE_ROOT; };
		7DAC18B21E9EDAD300ABFAD5 /* SettingsViewController.swift */ = {isa = PBXFileReference; fileEncoding = 4; lastKnownFileType = sourcecode.swift; path = SettingsViewController.swift; sourceTree = SOURCE_ROOT; };
		7DB2F9B81E853BAB008CE06B /* Assets.xcassets */ = {isa = PBXFileReference; lastKnownFileType = folder.assetcatalog; name = Assets.xcassets; path = loginRegister/Assets.xcassets; sourceTree = SOURCE_ROOT; };
		7DDF77441E8577F80063BE95 /* PreviewTableViewController.swift */ = {isa = PBXFileReference; fileEncoding = 4; lastKnownFileType = sourcecode.swift; name = PreviewTableViewController.swift; path = loginRegister/PreviewTableViewController.swift; sourceTree = SOURCE_ROOT; };
		7DDF77471E857CEF0063BE95 /* ItemPreviewTableViewCell.swift */ = {isa = PBXFileReference; fileEncoding = 4; lastKnownFileType = sourcecode.swift; path = ItemPreviewTableViewCell.swift; sourceTree = SOURCE_ROOT; };
		7DDF77491E8581B10063BE95 /* ItemRemoveTableViewCell.swift */ = {isa = PBXFileReference; fileEncoding = 4; lastKnownFileType = sourcecode.swift; path = ItemRemoveTableViewCell.swift; sourceTree = SOURCE_ROOT; };
		7DDF774B1E8592330063BE95 /* ConfirmationViewController.swift */ = {isa = PBXFileReference; fileEncoding = 4; lastKnownFileType = sourcecode.swift; path = ConfirmationViewController.swift; sourceTree = SOURCE_ROOT; };
		7DE1B5D91EA40D3D00FF94E8 /* ItemDetailsViewController.swift */ = {isa = PBXFileReference; fileEncoding = 4; lastKnownFileType = sourcecode.swift; path = ItemDetailsViewController.swift; sourceTree = "<group>"; };
		7DF7802B1E9DAA30005C308C /* PastOrderTableViewController.swift */ = {isa = PBXFileReference; fileEncoding = 4; lastKnownFileType = sourcecode.swift; path = PastOrderTableViewController.swift; sourceTree = SOURCE_ROOT; };
		7DF7802D1E9DAA5E005C308C /* OrderViewCell.swift */ = {isa = PBXFileReference; fileEncoding = 4; lastKnownFileType = sourcecode.swift; path = OrderViewCell.swift; sourceTree = SOURCE_ROOT; };
		B0A949E01EA1784600DEF15F /* Main.storyboard */ = {isa = PBXFileReference; fileEncoding = 4; lastKnownFileType = file.storyboard; path = Main.storyboard; sourceTree = "<group>"; };
/* End PBXFileReference section */

/* Begin PBXFrameworksBuildPhase section */
		750EC8151E82FD52007CCA5C /* Frameworks */ = {
			isa = PBXFrameworksBuildPhase;
			buildActionMask = 2147483647;
			files = (
			);
			runOnlyForDeploymentPostprocessing = 0;
		};
		750EC82C1E82FD53007CCA5C /* Frameworks */ = {
			isa = PBXFrameworksBuildPhase;
			buildActionMask = 2147483647;
			files = (
			);
			runOnlyForDeploymentPostprocessing = 0;
		};
		750EC8371E82FD53007CCA5C /* Frameworks */ = {
			isa = PBXFrameworksBuildPhase;
			buildActionMask = 2147483647;
			files = (
			);
			runOnlyForDeploymentPostprocessing = 0;
		};
/* End PBXFrameworksBuildPhase section */

/* Begin PBXGroup section */
		750EC80F1E82FD52007CCA5C = {
			isa = PBXGroup;
			children = (
				750EC81A1E82FD53007CCA5C /* loginRegister */,
				750EC8321E82FD53007CCA5C /* loginRegisterTests */,
				750EC83D1E82FD53007CCA5C /* loginRegisterUITests */,
				750EC8191E82FD53007CCA5C /* Products */,
			);
			sourceTree = "<group>";
		};
		750EC8191E82FD53007CCA5C /* Products */ = {
			isa = PBXGroup;
			children = (
				750EC8181E82FD53007CCA5C /* loginRegister.app */,
				750EC82F1E82FD53007CCA5C /* loginRegisterTests.xctest */,
				750EC83A1E82FD53007CCA5C /* loginRegisterUITests.xctest */,
			);
			name = Products;
			sourceTree = "<group>";
		};
		750EC81A1E82FD53007CCA5C /* loginRegister */ = {
			isa = PBXGroup;
			children = (
				B0A949E01EA1784600DEF15F /* Main.storyboard */,
				7D1FDAED1E853505007936A3 /* AppDelegate.swift */,
				75F636FA1EB3C639002000DC /* MyCustomView.swift */,
				7D1FDAF21E853583007936A3 /* MenuItem.swift */,
				75E6EFB41EA1314700C8275D /* Appearance.swift */,
				75121B051EA0380B00DD4911 /* LaunchScreen.storyboard */,
				7DB2F9B81E853BAB008CE06B /* Assets.xcassets */,
				750EC82A1E82FD53007CCA5C /* Info.plist */,
				750EC8501E8345DF007CCA5C /* WelcomeView.swift */,
				750EC84E1E830E14007CCA5C /* loginPageViewController.swift */,
				750EC84C1E83003B007CCA5C /* registerPageViewController.swift */,
				7DAC18B21E9EDAD300ABFAD5 /* SettingsViewController.swift */,
				75121B021EA0377E00DD4911 /* loginRegister.xcdatamodeld */,
				7DF7802A1E9DA86B005C308C /* Order History Controllers */,
				7DDF77461E8577FE0063BE95 /* Preview View Controllers */,
				75D6B3E21E8487750041A88F /* Menu View Controllers */,
			);
			name = loginRegister;
			sourceTree = SOURCE_ROOT;
		};
		750EC8321E82FD53007CCA5C /* loginRegisterTests */ = {
			isa = PBXGroup;
			children = (
				750EC8331E82FD53007CCA5C /* loginRegisterTests.swift */,
				750EC8351E82FD53007CCA5C /* Info.plist */,
			);
			name = loginRegisterTests;
			path = /u/abelm/Desktop/loginRegister/loginRegisterTests;
			sourceTree = "<absolute>";
		};
		750EC83D1E82FD53007CCA5C /* loginRegisterUITests */ = {
			isa = PBXGroup;
			children = (
				750EC83E1E82FD53007CCA5C /* loginRegisterUITests.swift */,
				750EC8401E82FD53007CCA5C /* Info.plist */,
			);
			name = loginRegisterUITests;
			path = /u/abelm/Desktop/loginRegister/loginRegisterUITests;
			sourceTree = "<absolute>";
		};
		75D6B3E21E8487750041A88F /* Menu View Controllers */ = {
			isa = PBXGroup;
			children = (
				759A34561E84B05700578F37 /* TootieMenuTableViewController.swift */,
				7DE1B5D91EA40D3D00FF94E8 /* ItemDetailsViewController.swift */,
				7D1FDAE61E85347D007936A3 /* ItemDetailsTableViewCell.swift */,
				7D1FDAE81E8534A9007936A3 /* ItemAddTableViewCell.swift */,
				7DDF774B1E8592330063BE95 /* ConfirmationViewController.swift */,
			);
			name = "Menu View Controllers";
			sourceTree = "<group>";
		};
		7DDF77461E8577FE0063BE95 /* Preview View Controllers */ = {
			isa = PBXGroup;
			children = (
				7DDF77441E8577F80063BE95 /* PreviewTableViewController.swift */,
				7DDF77471E857CEF0063BE95 /* ItemPreviewTableViewCell.swift */,
				7DDF77491E8581B10063BE95 /* ItemRemoveTableViewCell.swift */,
			);
			name = "Preview View Controllers";
			sourceTree = "<group>";
		};
		7DF7802A1E9DA86B005C308C /* Order History Controllers */ = {
			isa = PBXGroup;
			children = (
				7DF7802B1E9DAA30005C308C /* PastOrderTableViewController.swift */,
				7DF7802D1E9DAA5E005C308C /* OrderViewCell.swift */,
			);
			name = "Order History Controllers";
			sourceTree = "<group>";
		};
/* End PBXGroup section */

/* Begin PBXNativeTarget section */
		750EC8171E82FD52007CCA5C /* loginRegister */ = {
			isa = PBXNativeTarget;
			buildConfigurationList = 750EC8431E82FD53007CCA5C /* Build configuration list for PBXNativeTarget "loginRegister" */;
			buildPhases = (
				750EC8141E82FD52007CCA5C /* Sources */,
				750EC8151E82FD52007CCA5C /* Frameworks */,
				750EC8161E82FD52007CCA5C /* Resources */,
			);
			buildRules = (
			);
			dependencies = (
			);
			name = loginRegister;
			productName = loginRegister;
			productReference = 750EC8181E82FD53007CCA5C /* loginRegister.app */;
			productType = "com.apple.product-type.application";
		};
		750EC82E1E82FD53007CCA5C /* loginRegisterTests */ = {
			isa = PBXNativeTarget;
			buildConfigurationList = 750EC8461E82FD53007CCA5C /* Build configuration list for PBXNativeTarget "loginRegisterTests" */;
			buildPhases = (
				750EC82B1E82FD53007CCA5C /* Sources */,
				750EC82C1E82FD53007CCA5C /* Frameworks */,
				750EC82D1E82FD53007CCA5C /* Resources */,
			);
			buildRules = (
			);
			dependencies = (
				750EC8311E82FD53007CCA5C /* PBXTargetDependency */,
			);
			name = loginRegisterTests;
			productName = loginRegisterTests;
			productReference = 750EC82F1E82FD53007CCA5C /* loginRegisterTests.xctest */;
			productType = "com.apple.product-type.bundle.unit-test";
		};
		750EC8391E82FD53007CCA5C /* loginRegisterUITests */ = {
			isa = PBXNativeTarget;
			buildConfigurationList = 750EC8491E82FD53007CCA5C /* Build configuration list for PBXNativeTarget "loginRegisterUITests" */;
			buildPhases = (
				750EC8361E82FD53007CCA5C /* Sources */,
				750EC8371E82FD53007CCA5C /* Frameworks */,
				750EC8381E82FD53007CCA5C /* Resources */,
			);
			buildRules = (
			);
			dependencies = (
				750EC83C1E82FD53007CCA5C /* PBXTargetDependency */,
			);
			name = loginRegisterUITests;
			productName = loginRegisterUITests;
			productReference = 750EC83A1E82FD53007CCA5C /* loginRegisterUITests.xctest */;
			productType = "com.apple.product-type.bundle.ui-testing";
		};
/* End PBXNativeTarget section */

/* Begin PBXProject section */
		750EC8101E82FD52007CCA5C /* Project object */ = {
			isa = PBXProject;
			attributes = {
				LastSwiftUpdateCheck = 0820;
				LastUpgradeCheck = 0820;
				ORGANIZATIONNAME = "Abel Morales";
				TargetAttributes = {
					750EC8171E82FD52007CCA5C = {
						CreatedOnToolsVersion = 8.2;
						ProvisioningStyle = Automatic;
					};
					750EC82E1E82FD53007CCA5C = {
						CreatedOnToolsVersion = 8.2;
						ProvisioningStyle = Automatic;
						TestTargetID = 750EC8171E82FD52007CCA5C;
					};
					750EC8391E82FD53007CCA5C = {
						CreatedOnToolsVersion = 8.2;
						ProvisioningStyle = Automatic;
						TestTargetID = 750EC8171E82FD52007CCA5C;
					};
				};
			};
			buildConfigurationList = 750EC8131E82FD52007CCA5C /* Build configuration list for PBXProject "loginRegister" */;
			compatibilityVersion = "Xcode 3.2";
			developmentRegion = English;
			hasScannedForEncodings = 0;
			knownRegions = (
				en,
				Base,
			);
			mainGroup = 750EC80F1E82FD52007CCA5C;
			productRefGroup = 750EC8191E82FD53007CCA5C /* Products */;
			projectDirPath = "";
			projectRoot = "";
			targets = (
				750EC8171E82FD52007CCA5C /* loginRegister */,
				750EC82E1E82FD53007CCA5C /* loginRegisterTests */,
				750EC8391E82FD53007CCA5C /* loginRegisterUITests */,
			);
		};
/* End PBXProject section */

/* Begin PBXResourcesBuildPhase section */
		750EC8161E82FD52007CCA5C /* Resources */ = {
			isa = PBXResourcesBuildPhase;
			buildActionMask = 2147483647;
			files = (
				B0A949E11EA1784600DEF15F /* Main.storyboard in Resources */,
				75121B071EA0380B00DD4911 /* LaunchScreen.storyboard in Resources */,
				7DB2F9B91E853BAB008CE06B /* Assets.xcassets in Resources */,
			);
			runOnlyForDeploymentPostprocessing = 0;
		};
		750EC82D1E82FD53007CCA5C /* Resources */ = {
			isa = PBXResourcesBuildPhase;
			buildActionMask = 2147483647;
			files = (
			);
			runOnlyForDeploymentPostprocessing = 0;
		};
		750EC8381E82FD53007CCA5C /* Resources */ = {
			isa = PBXResourcesBuildPhase;
			buildActionMask = 2147483647;
			files = (
			);
			runOnlyForDeploymentPostprocessing = 0;
		};
/* End PBXResourcesBuildPhase section */

/* Begin PBXSourcesBuildPhase section */
		750EC8141E82FD52007CCA5C /* Sources */ = {
			isa = PBXSourcesBuildPhase;
			buildActionMask = 2147483647;
			files = (
				75121B041EA0377E00DD4911 /* loginRegister.xcdatamodeld in Sources */,
				75E6EFB51EA1314700C8275D /* Appearance.swift in Sources */,
				7DE1B5DA1EA40D3D00FF94E8 /* ItemDetailsViewController.swift in Sources */,
				7D1FDAF31E853583007936A3 /* MenuItem.swift in Sources */,
				7DDF77481E857CEF0063BE95 /* ItemPreviewTableViewCell.swift in Sources */,
				7D1FDAEE1E853505007936A3 /* AppDelegate.swift in Sources */,
				7DDF774A1E8581B10063BE95 /* ItemRemoveTableViewCell.swift in Sources */,
				7D1FDAE91E8534A9007936A3 /* ItemAddTableViewCell.swift in Sources */,
				7DF7802E1E9DAA5E005C308C /* OrderViewCell.swift in Sources */,
				7DAC18B31E9EDAD300ABFAD5 /* SettingsViewController.swift in Sources */,
				7DDF77451E8577F80063BE95 /* PreviewTableViewController.swift in Sources */,
				7D1FDAE71E85347D007936A3 /* ItemDetailsTableViewCell.swift in Sources */,
				750EC8511E8345DF007CCA5C /* WelcomeView.swift in Sources */,
				759A34571E84B05700578F37 /* TootieMenuTableViewController.swift in Sources */,
				7DF7802C1E9DAA30005C308C /* PastOrderTableViewController.swift in Sources */,
				750EC84F1E830E14007CCA5C /* loginPageViewController.swift in Sources */,
				7DDF774C1E8592330063BE95 /* ConfirmationViewController.swift in Sources */,
				75F636FB1EB3C639002000DC /* MyCustomView.swift in Sources */,
				750EC84D1E83003B007CCA5C /* registerPageViewController.swift in Sources */,
			);
			runOnlyForDeploymentPostprocessing = 0;
		};
		750EC82B1E82FD53007CCA5C /* Sources */ = {
			isa = PBXSourcesBuildPhase;
			buildActionMask = 2147483647;
			files = (
				750EC8341E82FD53007CCA5C /* loginRegisterTests.swift in Sources */,
			);
			runOnlyForDeploymentPostprocessing = 0;
		};
		750EC8361E82FD53007CCA5C /* Sources */ = {
			isa = PBXSourcesBuildPhase;
			buildActionMask = 2147483647;
			files = (
				750EC83F1E82FD53007CCA5C /* loginRegisterUITests.swift in Sources */,
			);
			runOnlyForDeploymentPostprocessing = 0;
		};
/* End PBXSourcesBuildPhase section */

/* Begin PBXTargetDependency section */
		750EC8311E82FD53007CCA5C /* PBXTargetDependency */ = {
			isa = PBXTargetDependency;
			target = 750EC8171E82FD52007CCA5C /* loginRegister */;
			targetProxy = 750EC8301E82FD53007CCA5C /* PBXContainerItemProxy */;
		};
		750EC83C1E82FD53007CCA5C /* PBXTargetDependency */ = {
			isa = PBXTargetDependency;
			target = 750EC8171E82FD52007CCA5C /* loginRegister */;
			targetProxy = 750EC83B1E82FD53007CCA5C /* PBXContainerItemProxy */;
		};
/* End PBXTargetDependency section */

/* Begin PBXVariantGroup section */
		75121B051EA0380B00DD4911 /* LaunchScreen.storyboard */ = {
			isa = PBXVariantGroup;
			children = (
				75121B061EA0380B00DD4911 /* Base */,
			);
			name = LaunchScreen.storyboard;
			sourceTree = "<group>";
		};
/* End PBXVariantGroup section */

/* Begin XCBuildConfiguration section */
		750EC8411E82FD53007CCA5C /* Debug */ = {
			isa = XCBuildConfiguration;
			buildSettings = {
				ALWAYS_SEARCH_USER_PATHS = NO;
				CLANG_ANALYZER_NONNULL = YES;
				CLANG_CXX_LANGUAGE_STANDARD = "gnu++0x";
				CLANG_CXX_LIBRARY = "libc++";
				CLANG_ENABLE_MODULES = YES;
				CLANG_ENABLE_OBJC_ARC = YES;
				CLANG_WARN_BOOL_CONVERSION = YES;
				CLANG_WARN_CONSTANT_CONVERSION = YES;
				CLANG_WARN_DIRECT_OBJC_ISA_USAGE = YES_ERROR;
				CLANG_WARN_DOCUMENTATION_COMMENTS = YES;
				CLANG_WARN_EMPTY_BODY = YES;
				CLANG_WARN_ENUM_CONVERSION = YES;
				CLANG_WARN_INFINITE_RECURSION = YES;
				CLANG_WARN_INT_CONVERSION = YES;
				CLANG_WARN_OBJC_ROOT_CLASS = YES_ERROR;
				CLANG_WARN_SUSPICIOUS_MOVE = YES;
				CLANG_WARN_UNREACHABLE_CODE = YES;
				CLANG_WARN__DUPLICATE_METHOD_MATCH = YES;
				"CODE_SIGN_IDENTITY[sdk=iphoneos*]" = "iPhone Developer";
				COPY_PHASE_STRIP = NO;
				DEBUG_INFORMATION_FORMAT = dwarf;
				ENABLE_STRICT_OBJC_MSGSEND = YES;
				ENABLE_TESTABILITY = YES;
				GCC_C_LANGUAGE_STANDARD = gnu99;
				GCC_DYNAMIC_NO_PIC = NO;
				GCC_NO_COMMON_BLOCKS = YES;
				GCC_OPTIMIZATION_LEVEL = 0;
				GCC_PREPROCESSOR_DEFINITIONS = (
					"DEBUG=1",
					"$(inherited)",
				);
				GCC_WARN_64_TO_32_BIT_CONVERSION = YES;
				GCC_WARN_ABOUT_RETURN_TYPE = YES_ERROR;
				GCC_WARN_UNDECLARED_SELECTOR = YES;
				GCC_WARN_UNINITIALIZED_AUTOS = YES_AGGRESSIVE;
				GCC_WARN_UNUSED_FUNCTION = YES;
				GCC_WARN_UNUSED_VARIABLE = YES;
				IPHONEOS_DEPLOYMENT_TARGET = 10.2;
				MTL_ENABLE_DEBUG_INFO = YES;
				ONLY_ACTIVE_ARCH = YES;
				SDKROOT = iphoneos;
				SWIFT_ACTIVE_COMPILATION_CONDITIONS = DEBUG;
				SWIFT_OPTIMIZATION_LEVEL = "-Onone";
				TARGETED_DEVICE_FAMILY = "1,2";
			};
			name = Debug;
		};
		750EC8421E82FD53007CCA5C /* Release */ = {
			isa = XCBuildConfiguration;
			buildSettings = {
				ALWAYS_SEARCH_USER_PATHS = NO;
				CLANG_ANALYZER_NONNULL = YES;
				CLANG_CXX_LANGUAGE_STANDARD = "gnu++0x";
				CLANG_CXX_LIBRARY = "libc++";
				CLANG_ENABLE_MODULES = YES;
				CLANG_ENABLE_OBJC_ARC = YES;
				CLANG_WARN_BOOL_CONVERSION = YES;
				CLANG_WARN_CONSTANT_CONVERSION = YES;
				CLANG_WARN_DIRECT_OBJC_ISA_USAGE = YES_ERROR;
				CLANG_WARN_DOCUMENTATION_COMMENTS = YES;
				CLANG_WARN_EMPTY_BODY = YES;
				CLANG_WARN_ENUM_CONVERSION = YES;
				CLANG_WARN_INFINITE_RECURSION = YES;
				CLANG_WARN_INT_CONVERSION = YES;
				CLANG_WARN_OBJC_ROOT_CLASS = YES_ERROR;
				CLANG_WARN_SUSPICIOUS_MOVE = YES;
				CLANG_WARN_UNREACHABLE_CODE = YES;
				CLANG_WARN__DUPLICATE_METHOD_MATCH = YES;
				"CODE_SIGN_IDENTITY[sdk=iphoneos*]" = "iPhone Developer";
				COPY_PHASE_STRIP = NO;
				DEBUG_INFORMATION_FORMAT = "dwarf-with-dsym";
				ENABLE_NS_ASSERTIONS = NO;
				ENABLE_STRICT_OBJC_MSGSEND = YES;
				GCC_C_LANGUAGE_STANDARD = gnu99;
				GCC_NO_COMMON_BLOCKS = YES;
				GCC_WARN_64_TO_32_BIT_CONVERSION = YES;
				GCC_WARN_ABOUT_RETURN_TYPE = YES_ERROR;
				GCC_WARN_UNDECLARED_SELECTOR = YES;
				GCC_WARN_UNINITIALIZED_AUTOS = YES_AGGRESSIVE;
				GCC_WARN_UNUSED_FUNCTION = YES;
				GCC_WARN_UNUSED_VARIABLE = YES;
				IPHONEOS_DEPLOYMENT_TARGET = 10.2;
				MTL_ENABLE_DEBUG_INFO = NO;
				SDKROOT = iphoneos;
				SWIFT_OPTIMIZATION_LEVEL = "-Owholemodule";
				TARGETED_DEVICE_FAMILY = "1,2";
				VALIDATE_PRODUCT = YES;
			};
			name = Release;
		};
		750EC8441E82FD53007CCA5C /* Debug */ = {
			isa = XCBuildConfiguration;
			buildSettings = {
				ASSETCATALOG_COMPILER_APPICON_NAME = AppIcon;
				INFOPLIST_FILE = loginRegister/Info.plist;
				LD_RUNPATH_SEARCH_PATHS = "$(inherited) @executable_path/Frameworks";
				PRODUCT_BUNDLE_IDENTIFIER = group2.loginRegister;
				PRODUCT_NAME = "$(TARGET_NAME)";
				SWIFT_VERSION = 3.0;
			};
			name = Debug;
		};
		750EC8451E82FD53007CCA5C /* Release */ = {
			isa = XCBuildConfiguration;
			buildSettings = {
				ASSETCATALOG_COMPILER_APPICON_NAME = AppIcon;
				INFOPLIST_FILE = loginRegister/Info.plist;
				LD_RUNPATH_SEARCH_PATHS = "$(inherited) @executable_path/Frameworks";
				PRODUCT_BUNDLE_IDENTIFIER = group2.loginRegister;
				PRODUCT_NAME = "$(TARGET_NAME)";
				SWIFT_VERSION = 3.0;
			};
			name = Release;
		};
		750EC8471E82FD53007CCA5C /* Debug */ = {
			isa = XCBuildConfiguration;
			buildSettings = {
				ALWAYS_EMBED_SWIFT_STANDARD_LIBRARIES = YES;
				BUNDLE_LOADER = "$(TEST_HOST)";
				INFOPLIST_FILE = loginRegisterTests/Info.plist;
				LD_RUNPATH_SEARCH_PATHS = "$(inherited) @executable_path/Frameworks @loader_path/Frameworks";
				PRODUCT_BUNDLE_IDENTIFIER = group2.loginRegisterTests;
				PRODUCT_NAME = "$(TARGET_NAME)";
				SWIFT_VERSION = 3.0;
				TEST_HOST = "$(BUILT_PRODUCTS_DIR)/loginRegister.app/loginRegister";
			};
			name = Debug;
		};
		750EC8481E82FD53007CCA5C /* Release */ = {
			isa = XCBuildConfiguration;
			buildSettings = {
				ALWAYS_EMBED_SWIFT_STANDARD_LIBRARIES = YES;
				BUNDLE_LOADER = "$(TEST_HOST)";
				INFOPLIST_FILE = loginRegisterTests/Info.plist;
				LD_RUNPATH_SEARCH_PATHS = "$(inherited) @executable_path/Frameworks @loader_path/Frameworks";
				PRODUCT_BUNDLE_IDENTIFIER = group2.loginRegisterTests;
				PRODUCT_NAME = "$(TARGET_NAME)";
				SWIFT_VERSION = 3.0;
				TEST_HOST = "$(BUILT_PRODUCTS_DIR)/loginRegister.app/loginRegister";
			};
			name = Release;
		};
		750EC84A1E82FD53007CCA5C /* Debug */ = {
			isa = XCBuildConfiguration;
			buildSettings = {
				ALWAYS_EMBED_SWIFT_STANDARD_LIBRARIES = YES;
				INFOPLIST_FILE = loginRegisterUITests/Info.plist;
				LD_RUNPATH_SEARCH_PATHS = "$(inherited) @executable_path/Frameworks @loader_path/Frameworks";
				PRODUCT_BUNDLE_IDENTIFIER = group2.loginRegisterUITests;
				PRODUCT_NAME = "$(TARGET_NAME)";
				SWIFT_VERSION = 3.0;
				TEST_TARGET_NAME = loginRegister;
			};
			name = Debug;
		};
		750EC84B1E82FD53007CCA5C /* Release */ = {
			isa = XCBuildConfiguration;
			buildSettings = {
				ALWAYS_EMBED_SWIFT_STANDARD_LIBRARIES = YES;
				INFOPLIST_FILE = loginRegisterUITests/Info.plist;
				LD_RUNPATH_SEARCH_PATHS = "$(inherited) @executable_path/Frameworks @loader_path/Frameworks";
				PRODUCT_BUNDLE_IDENTIFIER = group2.loginRegisterUITests;
				PRODUCT_NAME = "$(TARGET_NAME)";
				SWIFT_VERSION = 3.0;
				TEST_TARGET_NAME = loginRegister;
			};
			name = Release;
		};
/* End XCBuildConfiguration section */

/* Begin XCConfigurationList section */
		750EC8131E82FD52007CCA5C /* Build configuration list for PBXProject "loginRegister" */ = {
			isa = XCConfigurationList;
			buildConfigurations = (
				750EC8411E82FD53007CCA5C /* Debug */,
				750EC8421E82FD53007CCA5C /* Release */,
			);
			defaultConfigurationIsVisible = 0;
			defaultConfigurationName = Release;
		};
		750EC8431E82FD53007CCA5C /* Build configuration list for PBXNativeTarget "loginRegister" */ = {
			isa = XCConfigurationList;
			buildConfigurations = (
				750EC8441E82FD53007CCA5C /* Debug */,
				750EC8451E82FD53007CCA5C /* Release */,
			);
			defaultConfigurationIsVisible = 0;
			defaultConfigurationName = Release;
		};
		750EC8461E82FD53007CCA5C /* Build configuration list for PBXNativeTarget "loginRegisterTests" */ = {
			isa = XCConfigurationList;
			buildConfigurations = (
				750EC8471E82FD53007CCA5C /* Debug */,
				750EC8481E82FD53007CCA5C /* Release */,
			);
			defaultConfigurationIsVisible = 0;
			defaultConfigurationName = Release;
		};
		750EC8491E82FD53007CCA5C /* Build configuration list for PBXNativeTarget "loginRegisterUITests" */ = {
			isa = XCConfigurationList;
			buildConfigurations = (
				750EC84A1E82FD53007CCA5C /* Debug */,
				750EC84B1E82FD53007CCA5C /* Release */,
			);
			defaultConfigurationIsVisible = 0;
			defaultConfigurationName = Release;
		};
/* End XCConfigurationList section */

/* Begin XCVersionGroup section */
		75121B021EA0377E00DD4911 /* loginRegister.xcdatamodeld */ = {
			isa = XCVersionGroup;
			children = (
				75121B031EA0377E00DD4911 /* loginRegister.xcdatamodel */,
			);
			currentVersion = 75121B031EA0377E00DD4911 /* loginRegister.xcdatamodel */;
			name = loginRegister.xcdatamodeld;
			path = loginRegister/loginRegister.xcdatamodeld;
			sourceTree = "<group>";
			versionGroupType = wrapper.xcdatamodel;
		};
/* End XCVersionGroup section */
	};
	rootObject = 750EC8101E82FD52007CCA5C /* Project object */;
}
